
Microsoft Visual Studio Solution File, Format Version 12.00
# Visual Studio 15
Project("{FAE04EC0-301F-11D3-BF4B-00C04F79EFBC}") = "Assembly-CSharp", "Assembly-CSharp.csproj", "{C4D19551-529B-285B-3965-0A4814C45B50}"
EndProject
Project("{FAE04EC0-301F-11D3-BF4B-00C04F79EFBC}") = "Assembly-CSharp-firstpass", "Assembly-CSharp-firstpass.csproj", "{D4DBA582-9BEA-E7A5-A218-A83262A738CD}"
EndProject
Project("{FAE04EC0-301F-11D3-BF4B-00C04F79EFBC}") = "Assembly-CSharp-Editor", "Assembly-CSharp-Editor.csproj", "{36D315DB-C515-1755-4088-2AEA53E35404}"
EndProject
Project("{FAE04EC0-301F-11D3-BF4B-00C04F79EFBC}") = "Assembly-CSharp-Editor-firstpass", "Assembly-CSharp-Editor-firstpass.csproj", "{87234423-49EA-9548-75E1-95FF17BB0530}"
EndProject
Global
	GlobalSection(SolutionConfigurationPlatforms) = preSolution
		Debug|Any CPU = Debug|Any CPU
		Release|Any CPU = Release|Any CPU
	EndGlobalSection
	GlobalSection(ProjectConfigurationPlatforms) = postSolution
		{C4D19551-529B-285B-3965-0A4814C45B50}.Debug|Any CPU.ActiveCfg = Debug|Any CPU
		{C4D19551-529B-285B-3965-0A4814C45B50}.Debug|Any CPU.Build.0 = Debug|Any CPU
		{C4D19551-529B-285B-3965-0A4814C45B50}.Release|Any CPU.ActiveCfg = Release|Any CPU
		{C4D19551-529B-285B-3965-0A4814C45B50}.Release|Any CPU.Build.0 = Release|Any CPU
		{D4DBA582-9BEA-E7A5-A218-A83262A738CD}.Debug|Any CPU.ActiveCfg = Debug|Any CPU
		{D4DBA582-9BEA-E7A5-A218-A83262A738CD}.Debug|Any CPU.Build.0 = Debug|Any CPU
		{D4DBA582-9BEA-E7A5-A218-A83262A738CD}.Release|Any CPU.ActiveCfg = Release|Any CPU
		{D4DBA582-9BEA-E7A5-A218-A83262A738CD}.Release|Any CPU.Build.0 = Release|Any CPU
		{36D315DB-C515-1755-4088-2AEA53E35404}.Debug|Any CPU.ActiveCfg = Debug|Any CPU
		{36D315DB-C515-1755-4088-2AEA53E35404}.Debug|Any CPU.Build.0 = Debug|Any CPU
		{36D315DB-C515-1755-4088-2AEA53E35404}.Release|Any CPU.ActiveCfg = Release|Any CPU
		{36D315DB-C515-1755-4088-2AEA53E35404}.Release|Any CPU.Build.0 = Release|Any CPU
		{87234423-49EA-9548-75E1-95FF17BB0530}.Debug|Any CPU.ActiveCfg = Debug|Any CPU
		{87234423-49EA-9548-75E1-95FF17BB0530}.Debug|Any CPU.Build.0 = Debug|Any CPU
		{87234423-49EA-9548-75E1-95FF17BB0530}.Release|Any CPU.ActiveCfg = Release|Any CPU
		{87234423-49EA-9548-75E1-95FF17BB0530}.Release|Any CPU.Build.0 = Release|Any CPU
	EndGlobalSection
	GlobalSection(SolutionProperties) = preSolution
		HideSolutionNode = FALSE
	EndGlobalSection
EndGlobal
